
Microsoft Visual Studio Solution File, Format Version 12.00
# Visual Studio Version 17
VisualStudioVersion = 17.9.34902.65
MinimumVisualStudioVersion = 10.0.40219.1
Project("{FAE04EC0-301F-11D3-BF4B-00C04F79EFBC}") = "Varabus", "Varabus\Varabus.csproj", "{5670014A-9DD8-448B-AFDF-3162811DC0F1}"
EndProject
Global
	GlobalSection(SolutionConfigurationPlatforms) = preSolution
		Debug|Any CPU = Debug|Any CPU
		Release|Any CPU = Release|Any CPU
	EndGlobalSection
	GlobalSection(ProjectConfigurationPlatforms) = postSolution
		{5670014A-9DD8-448B-AFDF-3162811DC0F1}.Debug|Any CPU.ActiveCfg = Debug|Any CPU
		{5670014A-9DD8-448B-AFDF-3162811DC0F1}.Debug|Any CPU.Build.0 = Debug|Any CPU
		{5670014A-9DD8-448B-AFDF-3162811DC0F1}.Release|Any CPU.ActiveCfg = Release|Any CPU
		{5670014A-9DD8-448B-AFDF-3162811DC0F1}.Release|Any CPU.Build.0 = Release|Any CPU
	EndGlobalSection
	GlobalSection(SolutionProperties) = preSolution
		HideSolutionNode = FALSE
	EndGlobalSection
	GlobalSection(ExtensibilityGlobals) = postSolution
		SolutionGuid = {40F79D91-DCC5-47FB-8870-CDB48A386FD5}
	EndGlobalSection
EndGlobal
